Microsoft Visual Studio Solution File, Format Version 12.00
# Visual Studio Version 17
VisualStudioVersion = 17.14.36203.30 d17.14
MinimumVisualStudioVersion = 10.0.40219.1
Project("{FAE04EC0-301F-11D3-BF4B-00C04F79EFBC}") = "Aspire_MudAI.AppHost", "Aspire_MudAI.AppHost\Aspire_MudAI.AppHost.csproj", "{0648097D-FE30-4DCD-81F9-79C9328691F0}"
EndProject
Project("{FAE04EC0-301F-11D3-BF4B-00C04F79EFBC}") = "Aspire_MudAI.ServiceDefaults", "Aspire_MudAI.ServiceDefaults\Aspire_MudAI.ServiceDefaults.csproj", "{B468E976-4992-4E02-3995-A66F64B07997}"
EndProject
Project("{FAE04EC0-301F-11D3-BF4B-00C04F79EFBC}") = "Aspire_MudAI.ApiService", "Aspire_MudAI.ApiService\Aspire_MudAI.ApiService.csproj", "{106E823A-1A3B-1B0C-F38F-143863DA47D0}"
EndProject
Project("{FAE04EC0-301F-11D3-BF4B-00C04F79EFBC}") = "Aspire_MudAI.Web", "Aspire_MudAI.Web\Aspire_MudAI.Web.csproj", "{DF1F3BE9-66ED-B4B6-0D9D-AF0454A7065D}"
EndProject
Global
	GlobalSection(SolutionConfigurationPlatforms) = preSolution
		Debug|Any CPU = Debug|Any CPU
		Release|Any CPU = Release|Any CPU
	EndGlobalSection
	GlobalSection(ProjectConfigurationPlatforms) = postSolution
		{0648097D-FE30-4DCD-81F9-79C9328691F0}.Debug|Any CPU.ActiveCfg = Debug|Any CPU
		{0648097D-FE30-4DCD-81F9-79C9328691F0}.Debug|Any CPU.Build.0 = Debug|Any CPU
		{0648097D-FE30-4DCD-81F9-79C9328691F0}.Release|Any CPU.ActiveCfg = Release|Any CPU
		{0648097D-FE30-4DCD-81F9-79C9328691F0}.Release|Any CPU.Build.0 = Release|Any CPU
		{B468E976-4992-4E02-3995-A66F64B07997}.Debug|Any CPU.ActiveCfg = Debug|Any CPU
		{B468E976-4992-4E02-3995-A66F64B07997}.Debug|Any CPU.Build.0 = Debug|Any CPU
		{B468E976-4992-4E02-3995-A66F64B07997}.Release|Any CPU.ActiveCfg = Release|Any CPU
		{B468E976-4992-4E02-3995-A66F64B07997}.Release|Any CPU.Build.0 = Release|Any CPU
		{106E823A-1A3B-1B0C-F38F-143863DA47D0}.Debug|Any CPU.ActiveCfg = Debug|Any CPU
		{106E823A-1A3B-1B0C-F38F-143863DA47D0}.Debug|Any CPU.Build.0 = Debug|Any CPU
		{106E823A-1A3B-1B0C-F38F-143863DA47D0}.Release|Any CPU.ActiveCfg = Release|Any CPU
		{106E823A-1A3B-1B0C-F38F-143863DA47D0}.Release|Any CPU.Build.0 = Release|Any CPU
		{DF1F3BE9-66ED-B4B6-0D9D-AF0454A7065D}.Debug|Any CPU.ActiveCfg = Debug|Any CPU
		{DF1F3BE9-66ED-B4B6-0D9D-AF0454A7065D}.Debug|Any CPU.Build.0 = Debug|Any CPU
		{DF1F3BE9-66ED-B4B6-0D9D-AF0454A7065D}.Release|Any CPU.ActiveCfg = Release|Any CPU
		{DF1F3BE9-66ED-B4B6-0D9D-AF0454A7065D}.Release|Any CPU.Build.0 = Release|Any CPU
	EndGlobalSection
	GlobalSection(SolutionProperties) = preSolution
		HideSolutionNode = FALSE
	EndGlobalSection
	GlobalSection(ExtensibilityGlobals) = postSolution
		SolutionGuid = {D78F97CF-2E4F-4A5A-9A45-292312C20B95}
	EndGlobalSection
EndGlobal
